
Microsoft Visual Studio Solution File, Format Version 12.00
# Visual Studio 15
VisualStudioVersion = 15.0.27130.2027
MinimumVisualStudioVersion = 10.0.40219.1
Project("{9A19103F-16F7-4668-BE54-9A1E7A4F7556}") = "Jorge.ClinicaApp.Infrastructure", "Jorge.ClinicaApp.Infrastructure\Jorge.ClinicaApp.Infrastructure.csproj", "{609427F9-1757-4BD1-A5F0-0582AFC34AC6}"
EndProject
Project("{9A19103F-16F7-4668-BE54-9A1E7A4F7556}") = "Jorge.ClinicaApp.Model", "Jorge.ClinicaApp.Model\Jorge.ClinicaApp.Model.csproj", "{ADF1B1A2-2961-4210-9ACD-063040339CEF}"
EndProject
Project("{9A19103F-16F7-4668-BE54-9A1E7A4F7556}") = "Jorge.ClinicaApp.Repository", "Jorge.ClinicaApp.Repository\Jorge.ClinicaApp.Repository.csproj", "{CFA2D809-ACDD-45AF-91DE-1C9FF49D6170}"
EndProject
Project("{9A19103F-16F7-4668-BE54-9A1E7A4F7556}") = "Jorge.ClinicaApp.Services", "Jorge.ClinicaApp.Services\Jorge.ClinicaApp.Services.csproj", "{5E047BBA-9C39-4348-ACE0-8AEECF055F30}"
EndProject
Project("{9A19103F-16F7-4668-BE54-9A1E7A4F7556}") = "Jorge.ClinicaApp.Web", "Jorge.ClinicaApp.Web\Jorge.ClinicaApp.Web.csproj", "{AF402C42-49D5-47B1-8131-88DBDB716ADC}"
EndProject
Global
	GlobalSection(SolutionConfigurationPlatforms) = preSolution
		Debug|Any CPU = Debug|Any CPU
		Release|Any CPU = Release|Any CPU
	EndGlobalSection
	GlobalSection(ProjectConfigurationPlatforms) = postSolution
		{609427F9-1757-4BD1-A5F0-0582AFC34AC6}.Debug|Any CPU.ActiveCfg = Debug|Any CPU
		{609427F9-1757-4BD1-A5F0-0582AFC34AC6}.Debug|Any CPU.Build.0 = Debug|Any CPU
		{609427F9-1757-4BD1-A5F0-0582AFC34AC6}.Release|Any CPU.ActiveCfg = Release|Any CPU
		{609427F9-1757-4BD1-A5F0-0582AFC34AC6}.Release|Any CPU.Build.0 = Release|Any CPU
		{ADF1B1A2-2961-4210-9ACD-063040339CEF}.Debug|Any CPU.ActiveCfg = Debug|Any CPU
		{ADF1B1A2-2961-4210-9ACD-063040339CEF}.Debug|Any CPU.Build.0 = Debug|Any CPU
		{ADF1B1A2-2961-4210-9ACD-063040339CEF}.Release|Any CPU.ActiveCfg = Release|Any CPU
		{ADF1B1A2-2961-4210-9ACD-063040339CEF}.Release|Any CPU.Build.0 = Release|Any CPU
		{CFA2D809-ACDD-45AF-91DE-1C9FF49D6170}.Debug|Any CPU.ActiveCfg = Debug|Any CPU
		{CFA2D809-ACDD-45AF-91DE-1C9FF49D6170}.Debug|Any CPU.Build.0 = Debug|Any CPU
		{CFA2D809-ACDD-45AF-91DE-1C9FF49D6170}.Release|Any CPU.ActiveCfg = Release|Any CPU
		{CFA2D809-ACDD-45AF-91DE-1C9FF49D6170}.Release|Any CPU.Build.0 = Release|Any CPU
		{5E047BBA-9C39-4348-ACE0-8AEECF055F30}.Debug|Any CPU.ActiveCfg = Debug|Any CPU
		{5E047BBA-9C39-4348-ACE0-8AEECF055F30}.Debug|Any CPU.Build.0 = Debug|Any CPU
		{5E047BBA-9C39-4348-ACE0-8AEECF055F30}.Release|Any CPU.ActiveCfg = Release|Any CPU
		{5E047BBA-9C39-4348-ACE0-8AEECF055F30}.Release|Any CPU.Build.0 = Release|Any CPU
		{AF402C42-49D5-47B1-8131-88DBDB716ADC}.Debug|Any CPU.ActiveCfg = Debug|Any CPU
		{AF402C42-49D5-47B1-8131-88DBDB716ADC}.Debug|Any CPU.Build.0 = Debug|Any CPU
		{AF402C42-49D5-47B1-8131-88DBDB716ADC}.Release|Any CPU.ActiveCfg = Release|Any CPU
		{AF402C42-49D5-47B1-8131-88DBDB716ADC}.Release|Any CPU.Build.0 = Release|Any CPU
	EndGlobalSection
	GlobalSection(SolutionProperties) = preSolution
		HideSolutionNode = FALSE
	EndGlobalSection
	GlobalSection(ExtensibilityGlobals) = postSolution
		SolutionGuid = {95194B6C-0159-4BA0-9E41-18A05F6A0FAE}
	EndGlobalSection
EndGlobal
